// !$*UTF8*$!
{
	archiveVersion = 1;
	classes = {
	};
	objectVersion = 48;
	objects = {

/* Begin PBXBuildFile section */
		6192DBE71F755D7E003093DB /* AppDelegate.swift in Sources */ = {isa = PBXBuildFile; fileRef = 6192DBE61F755D7E003093DB /* AppDelegate.swift */; };
		6192DBE91F755D7E003093DB /* ViewController.swift in Sources */ = {isa = PBXBuildFile; fileRef = 6192DBE81F755D7E003093DB /* ViewController.swift */; };
		6192DBEC1F755D7E003093DB /* Main.storyboard in Resources */ = {isa = PBXBuildFile; fileRef = 6192DBEA1F755D7E003093DB /* Main.storyboard */; };
		6192DBEE1F755D7E003093DB /* Assets.xcassets in Resources */ = {isa = PBXBuildFile; fileRef = 6192DBED1F755D7E003093DB /* Assets.xcassets */; };
		6192DBF11F755D7E003093DB /* LaunchScreen.storyboard in Resources */ = {isa = PBXBuildFile; fileRef = 6192DBEF1F755D7E003093DB /* LaunchScreen.storyboard */; };
		6192DBFA1F756239003093DB /* LoginVC.swift in Sources */ = {isa = PBXBuildFile; fileRef = 6192DBF91F756239003093DB /* LoginVC.swift */; };
		6192DBFF1F7590A5003093DB /* GoogleService-Info.plist in Resources */ = {isa = PBXBuildFile; fileRef = 6192DBFE1F7590A5003093DB /* GoogleService-Info.plist */; };
		6192DC011F75957D003093DB /* Constants.swift in Sources */ = {isa = PBXBuildFile; fileRef = 6192DC001F75957D003093DB /* Constants.swift */; };
		C85A6CE21F9117A99AA23484 /* Pods_Chatty.framework in Frameworks */ = {isa = PBXBuildFile; fileRef = E5B34B9DC0B5C18B82C7CAEA /* Pods_Chatty.framework */; };
/* End PBXBuildFile section */

/* Begin PBXFileReference section */
		2515C240DE02077DE086A7C9 /* Pods-Chatty.release.xcconfig */ = {isa = PBXFileReference; includeInIndex = 1; lastKnownFileType = text.xcconfig; name = "Pods-Chatty.release.xcconfig"; path = "Pods/Target Support Files/Pods-Chatty/Pods-Chatty.release.xcconfig"; sourceTree = "<group>"; };
		6192DBE31F755D7E003093DB /* Chatty.app */ = {isa = PBXFileReference; explicitFileType = wrapper.application; includeInIndex = 0; path = Chatty.app; sourceTree = BUILT_PRODUCTS_DIR; };
		6192DBE61F755D7E003093DB /* AppDelegate.swift */ = {isa = PBXFileReference; lastKnownFileType = sourcecode.swift; path = AppDelegate.swift; sourceTree = "<group>"; };
		6192DBE81F755D7E003093DB /* ViewController.swift */ = {isa = PBXFileReference; lastKnownFileType = sourcecode.swift; path = ViewController.swift; sourceTree = "<group>"; };
		6192DBEB1F755D7E003093DB /* Base */ = {isa = PBXFileReference; lastKnownFileType = file.storyboard; name = Base; path = Base.lproj/Main.storyboard; sourceTree = "<group>"; };
		6192DBED1F755D7E003093DB /* Assets.xcassets */ = {isa = PBXFileReference; lastKnownFileType = folder.assetcatalog; path = Assets.xcassets; sourceTree = "<group>"; };
		6192DBF01F755D7E003093DB /* Base */ = {isa = PBXFileReference; lastKnownFileType = file.storyboard; name = Base; path = Base.lproj/LaunchScreen.storyboard; sourceTree = "<group>"; };
		6192DBF21F755D7E003093DB /* Info.plist */ = {isa = PBXFileReference; lastKnownFileType = text.plist.xml; path = Info.plist; sourceTree = "<group>"; };
		6192DBF91F756239003093DB /* LoginVC.swift */ = {isa = PBXFileReference; lastKnownFileType = sourcecode.swift; path = LoginVC.swift; sourceTree = "<group>"; };
		6192DBFE1F7590A5003093DB /* GoogleService-Info.plist */ = {isa = PBXFileReference; fileEncoding = 4; lastKnownFileType = text.plist.xml; path = "GoogleService-Info.plist"; sourceTree = "<group>"; };
		6192DC001F75957D003093DB /* Constants.swift */ = {isa = PBXFileReference; lastKnownFileType = sourcecode.swift; path = Constants.swift; sourceTree = "<group>"; };
		844159B1615EB75E25FCEB52 /* Pods-Chatty.debug.xcconfig */ = {isa = PBXFileReference; includeInIndex = 1; lastKnownFileType = text.xcconfig; name = "Pods-Chatty.debug.xcconfig"; path = "Pods/Target Support Files/Pods-Chatty/Pods-Chatty.debug.xcconfig"; sourceTree = "<group>"; };
		E5B34B9DC0B5C18B82C7CAEA /* Pods_Chatty.framework */ = {isa = PBXFileReference; explicitFileType = wrapper.framework; includeInIndex = 0; path = Pods_Chatty.framework; sourceTree = BUILT_PRODUCTS_DIR; };
/* End PBXFileReference section */

/* Begin PBXFrameworksBuildPhase section */
		6192DBE01F755D7E003093DB /* Frameworks */ = {
			isa = PBXFrameworksBuildPhase;
			buildActionMask = 2147483647;
			files = (
				C85A6CE21F9117A99AA23484 /* Pods_Chatty.framework in Frameworks */,
			);
			runOnlyForDeploymentPostprocessing = 0;
		};
/* End PBXFrameworksBuildPhase section */

/* Begin PBXGroup section */
		0ACBABE25975A9B305F1F8CF /* Pods */ = {
			isa = PBXGroup;
			children = (
				844159B1615EB75E25FCEB52 /* Pods-Chatty.debug.xcconfig */,
				2515C240DE02077DE086A7C9 /* Pods-Chatty.release.xcconfig */,
			);
			name = Pods;
			sourceTree = "<group>";
		};
		49C2E48D43C4FAC1FD4A353A /* Frameworks */ = {
			isa = PBXGroup;
			children = (
				E5B34B9DC0B5C18B82C7CAEA /* Pods_Chatty.framework */,
			);
			name = Frameworks;
			sourceTree = "<group>";
		};
		6192DBDA1F755D7E003093DB = {
			isa = PBXGroup;
			children = (
				6192DBE51F755D7E003093DB /* Chatty */,
				6192DBE41F755D7E003093DB /* Products */,
				0ACBABE25975A9B305F1F8CF /* Pods */,
				49C2E48D43C4FAC1FD4A353A /* Frameworks */,
			);
			sourceTree = "<group>";
		};
		6192DBE41F755D7E003093DB /* Products */ = {
			isa = PBXGroup;
			children = (
				6192DBE31F755D7E003093DB /* Chatty.app */,
			);
			name = Products;
			sourceTree = "<group>";
		};
		6192DBE51F755D7E003093DB /* Chatty */ = {
			isa = PBXGroup;
			children = (
				6192DC001F75957D003093DB /* Constants.swift */,
				6192DBF81F7561F4003093DB /* Controller */,
				6192DBE61F755D7E003093DB /* AppDelegate.swift */,
				6192DBEA1F755D7E003093DB /* Main.storyboard */,
				6192DBED1F755D7E003093DB /* Assets.xcassets */,
				6192DBEF1F755D7E003093DB /* LaunchScreen.storyboard */,
				6192DBF21F755D7E003093DB /* Info.plist */,
				6192DBFE1F7590A5003093DB /* GoogleService-Info.plist */,
			);
			path = Chatty;
			sourceTree = "<group>";
		};
		6192DBF81F7561F4003093DB /* Controller */ = {
			isa = PBXGroup;
			children = (
				6192DBF91F756239003093DB /* LoginVC.swift */,
				6192DBE81F755D7E003093DB /* ViewController.swift */,
			);
			path = Controller;
			sourceTree = "<group>";
		};
/* End PBXGroup section */

/* Begin PBXNativeTarget section */
		6192DBE21F755D7E003093DB /* Chatty */ = {
			isa = PBXNativeTarget;
			buildConfigurationList = 6192DBF51F755D7E003093DB /* Build configuration list for PBXNativeTarget "Chatty" */;
			buildPhases = (
				FF4780CFEFDF6A4FF70045D0 /* [CP] Check Pods Manifest.lock */,
				6192DBDF1F755D7E003093DB /* Sources */,
				6192DBE01F755D7E003093DB /* Frameworks */,
				6192DBE11F755D7E003093DB /* Resources */,
				EDAA49126B01339A8B6A907E /* [CP] Embed Pods Frameworks */,
				FC1EC5DA203F09A28C4F370A /* [CP] Copy Pods Resources */,
			);
			buildRules = (
			);
			dependencies = (
			);
			name = Chatty;
			productName = Chatty;
			productReference = 6192DBE31F755D7E003093DB /* Chatty.app */;
			productType = "com.apple.product-type.application";
		};
/* End PBXNativeTarget section */

/* Begin PBXProject section */
		6192DBDB1F755D7E003093DB /* Project object */ = {
			isa = PBXProject;
			attributes = {
				LastSwiftUpdateCheck = 0900;
				LastUpgradeCheck = 0900;
				ORGANIZATIONNAME = "onur hüseyin çantay";
				TargetAttributes = {
					6192DBE21F755D7E003093DB = {
						CreatedOnToolsVersion = 9.0;
						ProvisioningStyle = Automatic;
					};
				};
			};
			buildConfigurationList = 6192DBDE1F755D7E003093DB /* Build configuration list for PBXProject "Chatty" */;
			compatibilityVersion = "Xcode 8.0";
			developmentRegion = en;
			hasScannedForEncodings = 0;
			knownRegions = (
				en,
				Base,
			);
			mainGroup = 6192DBDA1F755D7E003093DB;
			productRefGroup = 6192DBE41F755D7E003093DB /* Products */;
			projectDirPath = "";
			projectRoot = "";
			targets = (
				6192DBE21F755D7E003093DB /* Chatty */,
			);
		};
/* End PBXProject section */

/* Begin PBXResourcesBuildPhase section */
		6192DBE11F755D7E003093DB /* Resources */ = {
			isa = PBXResourcesBuildPhase;
			buildActionMask = 2147483647;
			files = (
				6192DBF11F755D7E003093DB /* LaunchScreen.storyboard in Resources */,
				6192DBFF1F7590A5003093DB /* GoogleService-Info.plist in Resources */,
				6192DBEE1F755D7E003093DB /* Assets.xcassets in Resources */,
				6192DBEC1F755D7E003093DB /* Main.storyboard in Resources */,
			);
			runOnlyForDeploymentPostprocessing = 0;
		};
/* End PBXResourcesBuildPhase section */

/* Begin PBXShellScriptBuildPhase section */
		EDAA49126B01339A8B6A907E /* [CP] Embed Pods Frameworks */ = {
			isa = PBXShellScriptBuildPhase;
			buildActionMask = 2147483647;
			files = (
			);
			inputPaths = (
			);
			name = "[CP] Embed Pods Frameworks";
			outputPaths = (
			);
			runOnlyForDeploymentPostprocessing = 0;
			shellPath = /bin/sh;
			shellScript = "\"${SRCROOT}/Pods/Target Support Files/Pods-Chatty/Pods-Chatty-frameworks.sh\"\n";
			showEnvVarsInLog = 0;
		};
		FC1EC5DA203F09A28C4F370A /* [CP] Copy Pods Resources */ = {
			isa = PBXShellScriptBuildPhase;
			buildActionMask = 2147483647;
			files = (
			);
			inputPaths = (
			);
			name = "[CP] Copy Pods Resources";
			outputPaths = (
			);
			runOnlyForDeploymentPostprocessing = 0;
			shellPath = /bin/sh;
			shellScript = "\"${SRCROOT}/Pods/Target Support Files/Pods-Chatty/Pods-Chatty-resources.sh\"\n";
			showEnvVarsInLog = 0;
		};
		FF4780CFEFDF6A4FF70045D0 /* [CP] Check Pods Manifest.lock */ = {
			isa = PBXShellScriptBuildPhase;
			buildActionMask = 2147483647;
			files = (
			);
			inputPaths = (
			);
			name = "[CP] Check Pods Manifest.lock";
			outputPaths = (
			);
			runOnlyForDeploymentPostprocessing = 0;
			shellPath = /bin/sh;
			shellScript = "diff \"${PODS_PODFILE_DIR_PATH}/Podfile.lock\" \"${PODS_ROOT}/Manifest.lock\" > /dev/null\nif [ $? != 0 ] ; then\n    # print error to STDERR\n    echo \"error: The sandbox is not in sync with the Podfile.lock. Run 'pod install' or update your CocoaPods installation.\" >&2\n    exit 1\nfi\n";
			showEnvVarsInLog = 0;
		};
/* End PBXShellScriptBuildPhase section */

/* Begin PBXSourcesBuildPhase section */
		6192DBDF1F755D7E003093DB /* Sources */ = {
			isa = PBXSourcesBuildPhase;
			buildActionMask = 2147483647;
			files = (
				6192DBE91F755D7E003093DB /* ViewController.swift in Sources */,
				6192DBE71F755D7E003093DB /* AppDelegate.swift in Sources */,
				6192DBFA1F756239003093DB /* LoginVC.swift in Sources */,
				6192DC011F75957D003093DB /* Constants.swift in Sources */,
			);
			runOnlyForDeploymentPostprocessing = 0;
		};
/* End PBXSourcesBuildPhase section */

/* Begin PBXVariantGroup section */
		6192DBEA1F755D7E003093DB /* Main.storyboard */ = {
			isa = PBXVariantGroup;
			children = (
				6192DBEB1F755D7E003093DB /* Base */,
			);
			name = Main.storyboard;
			sourceTree = "<group>";
		};
		6192DBEF1F755D7E003093DB /* LaunchScreen.storyboard */ = {
			isa = PBXVariantGroup;
			children = (
				6192DBF01F755D7E003093DB /* Base */,
			);
			name = LaunchScreen.storyboard;
			sourceTree = "<group>";
		};
/* End PBXVariantGroup section */

/* Begin XCBuildConfiguration section */
		6192DBF31F755D7E003093DB /* Debug */ = {
			isa = XCBuildConfiguration;
			buildSettings = {
				ALWAYS_SEARCH_USER_PATHS = NO;
				CLANG_ANALYZER_NONNULL = YES;
				CLANG_ANALYZER_NUMBER_OBJECT_CONVERSION = YES_AGGRESSIVE;
				CLANG_CXX_LANGUAGE_STANDARD = "gnu++14";
				CLANG_CXX_LIBRARY = "libc++";
				CLANG_ENABLE_MODULES = YES;
				CLANG_ENABLE_OBJC_ARC = YES;
				CLANG_WARN_BLOCK_CAPTURE_AUTORELEASING = YES;
				CLANG_WARN_BOOL_CONVERSION = YES;
				CLANG_WARN_COMMA = YES;
				CLANG_WARN_CONSTANT_CONVERSION = YES;
				CLANG_WARN_DIRECT_OBJC_ISA_USAGE = YES_ERROR;
				CLANG_WARN_DOCUMENTATION_COMMENTS = YES;
				CLANG_WARN_EMPTY_BODY = YES;
				CLANG_WARN_ENUM_CONVERSION = YES;
				CLANG_WARN_INFINITE_RECURSION = YES;
				CLANG_WARN_INT_CONVERSION = YES;
				CLANG_WARN_NON_LITERAL_NULL_CONVERSION = YES;
				CLANG_WARN_OBJC_LITERAL_CONVERSION = YES;
				CLANG_WARN_OBJC_ROOT_CLASS = YES_ERROR;
				CLANG_WARN_RANGE_LOOP_ANALYSIS = YES;
				CLANG_WARN_STRICT_PROTOTYPES = YES;
				CLANG_WARN_SUSPICIOUS_MOVE = YES;
				CLANG_WARN_UNGUARDED_AVAILABILITY = YES_AGGRESSIVE;
				CLANG_WARN_UNREACHABLE_CODE = YES;
				CLANG_WARN__DUPLICATE_METHOD_MATCH = YES;
				CODE_SIGN_IDENTITY = "iPhone Developer";
				COPY_PHASE_STRIP = NO;
				DEBUG_INFORMATION_FORMAT = dwarf;
				ENABLE_STRICT_OBJC_MSGSEND = YES;
				ENABLE_TESTABILITY = YES;
				GCC_C_LANGUAGE_STANDARD = gnu11;
				GCC_DYNAMIC_NO_PIC = NO;
				GCC_NO_COMMON_BLOCKS = YES;
				GCC_OPTIMIZATION_LEVEL = 0;
				GCC_PREPROCESSOR_DEFINITIONS = (
					"DEBUG=1",
					"$(inherited)",
				);
				GCC_WARN_64_TO_32_BIT_CONVERSION = YES;
				GCC_WARN_ABOUT_RETURN_TYPE = YES_ERROR;
				GCC_WARN_UNDECLARED_SELECTOR = YES;
				GCC_WARN_UNINITIALIZED_AUTOS = YES_AGGRESSIVE;
				GCC_WARN_UNUSED_FUNCTION = YES;
				GCC_WARN_UNUSED_VARIABLE = YES;
				IPHONEOS_DEPLOYMENT_TARGET = 11.0;
				MTL_ENABLE_DEBUG_INFO = YES;
				ONLY_ACTIVE_ARCH = YES;
				SDKROOT = iphoneos;
				SWIFT_ACTIVE_COMPILATION_CONDITIONS = DEBUG;
				SWIFT_OPTIMIZATION_LEVEL = "-Onone";
			};
			name = Debug;
		};
		6192DBF41F755D7E003093DB /* Release */ = {
			isa = XCBuildConfiguration;
			buildSettings = {
				ALWAYS_SEARCH_USER_PATHS = NO;
				CLANG_ANALYZER_NONNULL = YES;
				CLANG_ANALYZER_NUMBER_OBJECT_CONVERSION = YES_AGGRESSIVE;
				CLANG_CXX_LANGUAGE_STANDARD = "gnu++14";
				CLANG_CXX_LIBRARY = "libc++";
				CLANG_ENABLE_MODULES = YES;
				CLANG_ENABLE_OBJC_ARC = YES;
				CLANG_WARN_BLOCK_CAPTURE_AUTORELEASING = YES;
				CLANG_WARN_BOOL_CONVERSION = YES;
				CLANG_WARN_COMMA = YES;
				CLANG_WARN_CONSTANT_CONVERSION = YES;
				CLANG_WARN_DIRECT_OBJC_ISA_USAGE = YES_ERROR;
				CLANG_WARN_DOCUMENTATION_COMMENTS = YES;
				CLANG_WARN_EMPTY_BODY = YES;
				CLANG_WARN_ENUM_CONVERSION = YES;
				CLANG_WARN_INFINITE_RECURSION = YES;
				CLANG_WARN_INT_CONVERSION = YES;
				CLANG_WARN_NON_LITERAL_NULL_CONVERSION = YES;
				CLANG_WARN_OBJC_LITERAL_CONVERSION = YES;
				CLANG_WARN_OBJC_ROOT_CLASS = YES_ERROR;
				CLANG_WARN_RANGE_LOOP_ANALYSIS = YES;
				CLANG_WARN_STRICT_PROTOTYPES = YES;
				CLANG_WARN_SUSPICIOUS_MOVE = YES;
				CLANG_WARN_UNGUARDED_AVAILABILITY = YES_AGGRESSIVE;
				CLANG_WARN_UNREACHABLE_CODE = YES;
				CLANG_WARN__DUPLICATE_METHOD_MATCH = YES;
				CODE_SIGN_IDENTITY = "iPhone Developer";
				COPY_PHASE_STRIP = NO;
				DEBUG_INFORMATION_FORMAT = "dwarf-with-dsym";
				ENABLE_NS_ASSERTIONS = NO;
				ENABLE_STRICT_OBJC_MSGSEND = YES;
				GCC_C_LANGUAGE_STANDARD = gnu11;
				GCC_NO_COMMON_BLOCKS = YES;
				GCC_WARN_64_TO_32_BIT_CONVERSION = YES;
				GCC_WARN_ABOUT_RETURN_TYPE = YES_ERROR;
				GCC_WARN_UNDECLARED_SELECTOR = YES;
				GCC_WARN_UNINITIALIZED_AUTOS = YES_AGGRESSIVE;
				GCC_WARN_UNUSED_FUNCTION = YES;
				GCC_WARN_UNUSED_VARIABLE = YES;
				IPHONEOS_DEPLOYMENT_TARGET = 11.0;
				MTL_ENABLE_DEBUG_INFO = NO;
				SDKROOT = iphoneos;
				SWIFT_OPTIMIZATION_LEVEL = "-Owholemodule";
				VALIDATE_PRODUCT = YES;
			};
			name = Release;
		};
		6192DBF61F755D7E003093DB /* Debug */ = {
			isa = XCBuildConfiguration;
			baseConfigurationReference = 844159B1615EB75E25FCEB52 /* Pods-Chatty.debug.xcconfig */;
			buildSettings = {
				ASSETCATALOG_COMPILER_APPICON_NAME = AppIcon;
				CODE_SIGN_STYLE = Automatic;
				DEVELOPMENT_TEAM = B4F2B776R3;
				INFOPLIST_FILE = Chatty/Info.plist;
				LD_RUNPATH_SEARCH_PATHS = "$(inherited) @executable_path/Frameworks";
				PRODUCT_BUNDLE_IDENTIFIER = onurhuseyincantay.Chatty;
				PRODUCT_NAME = "$(TARGET_NAME)";
				SWIFT_VERSION = 4.0;
				TARGETED_DEVICE_FAMILY = "1,2";
			};
			name = Debug;
		};
		6192DBF71F755D7E003093DB /* Release */ = {
			isa = XCBuildConfiguration;
			baseConfigurationReference = 2515C240DE02077DE086A7C9 /* Pods-Chatty.release.xcconfig */;
			buildSettings = {
				ASSETCATALOG_COMPILER_APPICON_NAME = AppIcon;
				CODE_SIGN_STYLE = Automatic;
				DEVELOPMENT_TEAM = B4F2B776R3;
				INFOPLIST_FILE = Chatty/Info.plist;
				LD_RUNPATH_SEARCH_PATHS = "$(inherited) @executable_path/Frameworks";
				PRODUCT_BUNDLE_IDENTIFIER = onurhuseyincantay.Chatty;
				PRODUCT_NAME = "$(TARGET_NAME)";
				SWIFT_VERSION = 4.0;
				TARGETED_DEVICE_FAMILY = "1,2";
			};
			name = Release;
		};
/* End XCBuildConfiguration section */

/* Begin XCConfigurationList section */
		6192DBDE1F755D7E003093DB /* Build configuration list for PBXProject "Chatty" */ = {
			isa = XCConfigurationList;
			buildConfigurations = (
				6192DBF31F755D7E003093DB /* Debug */,
				6192DBF41F755D7E003093DB /* Release */,
			);
			defaultConfigurationIsVisible = 0;
			defaultConfigurationName = Release;
		};
		6192DBF51F755D7E003093DB /* Build configuration list for PBXNativeTarget "Chatty" */ = {
			isa = XCConfigurationList;
			buildConfigurations = (
				6192DBF61F755D7E003093DB /* Debug */,
				6192DBF71F755D7E003093DB /* Release */,
			);
			defaultConfigurationIsVisible = 0;
			defaultConfigurationName = Release;
		};
/* End XCConfigurationList section */
	};
	rootObject = 6192DBDB1F755D7E003093DB /* Project object */;
}
